
Microsoft Visual Studio Solution File, Format Version 12.00
# Visual Studio 15
VisualStudioVersion = 15.0.28307.572
MinimumVisualStudioVersion = 10.0.40219.1
Project("{FAE04EC0-301F-11D3-BF4B-00C04F79EFBC}") = "AcutesClient", "AcutesClient\AcutesClient.csproj", "{2D830890-A062-4A7E-B26E-BE19A0EACD9B}"
EndProject
Project("{930C7802-8A8C-48F9-8165-68863BCCD9DD}") = "AcutesClientSetup", "AcutesClientSetup\AcutesClientSetup.wixproj", "{63A20ED2-18DD-420B-988E-1D1540B6F798}"
EndProject
Global
	GlobalSection(SolutionConfigurationPlatforms) = preSolution
		Debug|Any CPU = Debug|Any CPU
		Debug|x86 = Debug|x86
		Release|Any CPU = Release|Any CPU
		Release|x86 = Release|x86
	EndGlobalSection
	GlobalSection(ProjectConfigurationPlatforms) = postSolution
		{2D830890-A062-4A7E-B26E-BE19A0EACD9B}.Debug|Any CPU.ActiveCfg = Debug|Any CPU
		{2D830890-A062-4A7E-B26E-BE19A0EACD9B}.Debug|Any CPU.Build.0 = Debug|Any CPU
		{2D830890-A062-4A7E-B26E-BE19A0EACD9B}.Debug|x86.ActiveCfg = Debug|Any CPU
		{2D830890-A062-4A7E-B26E-BE19A0EACD9B}.Debug|x86.Build.0 = Debug|Any CPU
		{2D830890-A062-4A7E-B26E-BE19A0EACD9B}.Release|Any CPU.ActiveCfg = Release|Any CPU
		{2D830890-A062-4A7E-B26E-BE19A0EACD9B}.Release|Any CPU.Build.0 = Release|Any CPU
		{2D830890-A062-4A7E-B26E-BE19A0EACD9B}.Release|x86.ActiveCfg = Release|Any CPU
		{2D830890-A062-4A7E-B26E-BE19A0EACD9B}.Release|x86.Build.0 = Release|Any CPU
		{63A20ED2-18DD-420B-988E-1D1540B6F798}.Debug|Any CPU.ActiveCfg = Debug|x86
		{63A20ED2-18DD-420B-988E-1D1540B6F798}.Debug|x86.ActiveCfg = Debug|x86
		{63A20ED2-18DD-420B-988E-1D1540B6F798}.Debug|x86.Build.0 = Debug|x86
		{63A20ED2-18DD-420B-988E-1D1540B6F798}.Release|Any CPU.ActiveCfg = Release|x86
		{63A20ED2-18DD-420B-988E-1D1540B6F798}.Release|x86.ActiveCfg = Release|x86
		{63A20ED2-18DD-420B-988E-1D1540B6F798}.Release|x86.Build.0 = Release|x86
	EndGlobalSection
	GlobalSection(SolutionProperties) = preSolution
		HideSolutionNode = FALSE
	EndGlobalSection
	GlobalSection(ExtensibilityGlobals) = postSolution
		SolutionGuid = {45A69818-4D47-4A68-9BF7-20D954C9B2E5}
	EndGlobalSection
EndGlobal
